lockfileVersion: '9.0'

settings:
  autoInstallPeers: true
  excludeLinksFromLockfile: false

importers:

  .:
    dependencies:
      ai:
        specifier: ^7.0.106
        version: 7.0.106(zod@4.6.5)

packages:

  '@ai-sdk/gateway@4.0.86':
    resolution: {integrity: sha512-sPqb9+Uparn18A7zf6GDXXIx/+tsdA7V43NyL+HaHMBl7wrFaO9fBEf4/FoiKn1D/zv0Cc3PgpJX9JsuG7MKeg==}
    engines: {node: '>=22'}
    peerDependencies:
      zod: ^3.25.76 || ^4.1.8

  '@ai-sdk/provider-utils@5.0.44':
    resolution: {integrity: sha512-TZGr0Al1mMnRh7Wd+3qTnSdWvBDIst2Abl8mglkob8rbXF1TG5xoeVLV19rD/AtB+NL/LUPITdbQ0EFGHRBcSw==}
    engines: {node: '>=22'}
    peerDependencies:
      zod: ^3.25.76 || ^4.1.8

  '@ai-sdk/provider@4.0.17':
    resolution: {integrity: sha512-VYMBxIQdcHqbIf1j+YZlI9Ati6LZ4wJe0GGd4z4a5H/KxTggjeOiyaVYTnfF7LHZK5jMQ+rofmzz4QPqf++NUw==}
    engines: {node: '>=22'}

  '@standard-schema/spec@1.1.0':
    resolution: {integrity: sha512-l2aFy5jALhniG5HgqrD6jXLi/rUWrKvqN/qJx6yoJsgKhblVd+iqqU4RCXavm/jPityDo5TCvKMnpjKnOriy0w==}

  '@vercel/oidc@3.2.0':
    resolution: {integrity: sha512-UycprH3T6n3jH0k44NHMa7pnFHGu/N05MjojYr+Mc6I7obkoLIJujSWwin1pCvdy/eOxrI/l3uDLQsmcrOb4ug==}
    engines: {node: '>= 20'}

  '@workflow/serde@4.1.0':
    resolution: {integrity: sha512-pav4F2BoirECWR7Nf1TKt+2eETcBj7jj4cBefQ8VXQCA6NPkaKeLfj/zMgi+3zYV5ZIBT4GuUiphsj0/b9hPQQ==}

  ai@7.0.106:
    resolution: {integrity: sha512-0W9AlZfyhOlPyE9ZXCFisg0uxxrmQMGdoVUz0ewRg5J+xAhVBomSspktqYeGWABFbQrYyWRVibnvSf24pTeE2w==}
    engines: {node: '>=22'}
    peerDependencies:
      zod: ^3.25.76 || ^4.1.8

  eventsource-parser@3.1.1:
    resolution: {integrity: sha512-EKN1vKAMcZ8MlYMpaNuxN6R9yakzH6uajHcHVTqWJzvu5pWw9DyhbP35HH8MVBQ+dZjAfDxk+A8NiR9KWaXiyQ==}
    engines: {node: '>=18.0.0'}

  json-schema@0.4.0:
    resolution: {integrity: sha512-es94M3nTIfsEPisRafak+HDLfHXnKBhV3vU5eqPcS3flIWqcxJWgXHXiey3YrpaNsanY5ei1VoYEbOzijuq9BA==}

  undici@7.29.1:
    resolution: {integrity: sha512-RYONW2MeafgYlkVOKYKkA/Ag7BmXqgIWCa8t1m0JcxrQg9pI9lEqRhAOruOBCbAohOa/gkCF+iPi9hrgvTzu6Q==}
    engines: {node: '>=20.18.1'}

  zod@4.6.5:
    resolution: {integrity: sha512-v5l/aFXZQeai4awLbOpSoHecE9UiMrnfx75tEXLjNonXVARxQ5mOeipTjROUchszUNCqnE+hqAMujRsRHsut2Q==}

snapshots:

  '@ai-sdk/gateway@4.0.86(zod@4.6.5)':
    dependencies:
      '@ai-sdk/provider': 4.0.17
      '@ai-sdk/provider-utils': 5.0.44(zod@4.6.5)
      '@vercel/oidc': 3.2.0
      zod: 4.6.5

  '@ai-sdk/provider-utils@5.0.44(zod@4.6.5)':
    dependencies:
      '@ai-sdk/provider': 4.0.17
      '@standard-schema/spec': 1.1.0
      '@workflow/serde': 4.1.0
      eventsource-parser: 3.1.1
      undici: 7.29.1
      zod: 4.6.5

  '@ai-sdk/provider@4.0.17':
    dependencies:
      json-schema: 0.4.0

  '@standard-schema/spec@1.1.0': {}

  '@vercel/oidc@3.2.0': {}

  '@workflow/serde@4.1.0': {}

  ai@7.0.106(zod@4.6.5):
    dependencies:
      '@ai-sdk/gateway': 4.0.86(zod@4.6.5)
      '@ai-sdk/provider': 4.0.17
      '@ai-sdk/provider-utils': 5.0.44(zod@4.6.5)
      zod: 4.6.5

  eventsource-parser@3.1.1: {}

  json-schema@0.4.0: {}

  undici@7.29.1: {}

  zod@4.6.5: {}
